
Microsoft Visual Studio Solution File, Format Version 12.00
# Visual Studio Version 17
VisualStudioVersion = 17.6.33723.286
MinimumVisualStudioVersion = 10.0.40219.1
Project("{FAE04EC0-301F-11D3-BF4B-00C04F79EFBC}") = "JPVApiCrud", "JPVApiCrud\JPVApiCrud.csproj", "{BD24269E-DFB6-45B0-84D1-F19327FD2B51}"
EndProject
Global
	GlobalSection(SolutionConfigurationPlatforms) = preSolution
		Debug|Any CPU = Debug|Any CPU
		Release|Any CPU = Release|Any CPU
	EndGlobalSection
	GlobalSection(ProjectConfigurationPlatforms) = postSolution
		{BD24269E-DFB6-45B0-84D1-F19327FD2B51}.Debug|Any CPU.ActiveCfg = Debug|Any CPU
		{BD24269E-DFB6-45B0-84D1-F19327FD2B51}.Debug|Any CPU.Build.0 = Debug|Any CPU
		{BD24269E-DFB6-45B0-84D1-F19327FD2B51}.Release|Any CPU.ActiveCfg = Release|Any CPU
		{BD24269E-DFB6-45B0-84D1-F19327FD2B51}.Release|Any CPU.Build.0 = Release|Any CPU
	EndGlobalSection
	GlobalSection(SolutionProperties) = preSolution
		HideSolutionNode = FALSE
	EndGlobalSection
	GlobalSection(ExtensibilityGlobals) = postSolution
		SolutionGuid = {A8238F0A-A143-4188-A46F-0614FD1049A8}
	EndGlobalSection
EndGlobal
